Microsoft Visual Studio Solution File, Format Version 12.00
# Visual Studio 2012
Project("{FAE04EC0-301F-11D3-BF4B-00C04F79EFBC}") = "Android game", "Android game.csproj", "{08BB77D5-DCD4-40D5-9ADD-5601A9ACAFD7}"
EndProject
Global
	GlobalSection(SolutionConfigurationPlatforms) = preSolution
	Debug|Any CPU = Debug|Any CPU
	ExportDebug|Any CPU = ExportDebug|Any CPU
	ExportRelease|Any CPU = ExportRelease|Any CPU
	EndGlobalSection
	GlobalSection(ProjectConfigurationPlatforms) = postSolution
		{08BB77D5-DCD4-40D5-9ADD-5601A9ACAFD7}.Debug|Any CPU.ActiveCfg = Debug|Any CPU
		{08BB77D5-DCD4-40D5-9ADD-5601A9ACAFD7}.Debug|Any CPU.Build.0 = Debug|Any CPU
		{08BB77D5-DCD4-40D5-9ADD-5601A9ACAFD7}.ExportDebug|Any CPU.ActiveCfg = ExportDebug|Any CPU
		{08BB77D5-DCD4-40D5-9ADD-5601A9ACAFD7}.ExportDebug|Any CPU.Build.0 = ExportDebug|Any CPU
		{08BB77D5-DCD4-40D5-9ADD-5601A9ACAFD7}.ExportRelease|Any CPU.ActiveCfg = ExportRelease|Any CPU
		{08BB77D5-DCD4-40D5-9ADD-5601A9ACAFD7}.ExportRelease|Any CPU.Build.0 = ExportRelease|Any CPU
	EndGlobalSection
EndGlobal
